
Microsoft Visual Studio Solution File, Format Version 12.00
# Visual Studio Version 16
VisualStudioVersion = 16.0.31515.178
MinimumVisualStudioVersion = 10.0.40219.1
Project("{9A19103F-16F7-4668-BE54-9A1E7A4F7556}") = "Übung_Solid1", "Übung_Solid1\Übung_Solid1.csproj", "{9C0F4348-E37D-45D0-AC70-C339D7AD0694}"
EndProject
Project("{9A19103F-16F7-4668-BE54-9A1E7A4F7556}") = "Übung_Solid2", "Übung_Solid2\Übung_Solid2.csproj", "{62AB0054-C359-43A8-A97B-9FE5F837AF57}"
EndProject
Global
	GlobalSection(SolutionConfigurationPlatforms) = preSolution
		Debug|Any CPU = Debug|Any CPU
		Release|Any CPU = Release|Any CPU
	EndGlobalSection
	GlobalSection(ProjectConfigurationPlatforms) = postSolution
		{9C0F4348-E37D-45D0-AC70-C339D7AD0694}.Debug|Any CPU.ActiveCfg = Debug|Any CPU
		{9C0F4348-E37D-45D0-AC70-C339D7AD0694}.Debug|Any CPU.Build.0 = Debug|Any CPU
		{9C0F4348-E37D-45D0-AC70-C339D7AD0694}.Release|Any CPU.ActiveCfg = Release|Any CPU
		{9C0F4348-E37D-45D0-AC70-C339D7AD0694}.Release|Any CPU.Build.0 = Release|Any CPU
		{62AB0054-C359-43A8-A97B-9FE5F837AF57}.Debug|Any CPU.ActiveCfg = Debug|Any CPU
		{62AB0054-C359-43A8-A97B-9FE5F837AF57}.Debug|Any CPU.Build.0 = Debug|Any CPU
		{62AB0054-C359-43A8-A97B-9FE5F837AF57}.Release|Any CPU.ActiveCfg = Release|Any CPU
		{62AB0054-C359-43A8-A97B-9FE5F837AF57}.Release|Any CPU.Build.0 = Release|Any CPU
	EndGlobalSection
	GlobalSection(SolutionProperties) = preSolution
		HideSolutionNode = FALSE
	EndGlobalSection
	GlobalSection(ExtensibilityGlobals) = postSolution
		SolutionGuid = {C1428C78-7A0A-439B-A17D-DBEAD6F83CDC}
	EndGlobalSection
EndGlobal
