
Microsoft Visual Studio Solution File, Format Version 12.00
# Visual Studio 15
VisualStudioVersion = 15.0.27703.2035
MinimumVisualStudioVersion = 10.0.40219.1
Project("{FAE04EC0-301F-11D3-BF4B-00C04F79EFBC}") = "HalloAsync", "HalloAsync\HalloAsync.csproj", "{C3C3AA6C-53E4-4A4A-82E6-A6946EB298E4}"
EndProject
Global
	GlobalSection(SolutionConfigurationPlatforms) = preSolution
		Debug|Any CPU = Debug|Any CPU
		Release|Any CPU = Release|Any CPU
	EndGlobalSection
	GlobalSection(ProjectConfigurationPlatforms) = postSolution
		{C3C3AA6C-53E4-4A4A-82E6-A6946EB298E4}.Debug|Any CPU.ActiveCfg = Debug|Any CPU
		{C3C3AA6C-53E4-4A4A-82E6-A6946EB298E4}.Debug|Any CPU.Build.0 = Debug|Any CPU
		{C3C3AA6C-53E4-4A4A-82E6-A6946EB298E4}.Release|Any CPU.ActiveCfg = Release|Any CPU
		{C3C3AA6C-53E4-4A4A-82E6-A6946EB298E4}.Release|Any CPU.Build.0 = Release|Any CPU
	EndGlobalSection
	GlobalSection(SolutionProperties) = preSolution
		HideSolutionNode = FALSE
	EndGlobalSection
	GlobalSection(ExtensibilityGlobals) = postSolution
		SolutionGuid = {7F3474E4-FF63-4857-8F27-D5FAAA395F42}
	EndGlobalSection
EndGlobal
