
Microsoft Visual Studio Solution File, Format Version 12.00
# Visual Studio Version 17
VisualStudioVersion = 17.0.31808.319
MinimumVisualStudioVersion = 10.0.40219.1
Project("{FAE04EC0-301F-11D3-BF4B-00C04F79EFBC}") = "SingleResponsibilityPrincip", "SingleResponsibilityPrincip\SingleResponsibilityPrincip.csproj", "{AEE81D30-29F5-4F89-B052-42B1BF5EC357}"
EndProject
Project("{FAE04EC0-301F-11D3-BF4B-00C04F79EFBC}") = "OpenClosePrincip", "OpenClosePrincip\OpenClosePrincip.csproj", "{740FB7A6-970D-4150-A7AC-D5A13FD87BC8}"
EndProject
Project("{FAE04EC0-301F-11D3-BF4B-00C04F79EFBC}") = "LizkovPrincip", "LizkovPrincip\LizkovPrincip.csproj", "{2468ED05-0F2A-4527-9C8D-453552E9014D}"
EndProject
Project("{FAE04EC0-301F-11D3-BF4B-00C04F79EFBC}") = "DependencyInversion", "DependencyInversion\DependencyInversion.csproj", "{1C690FBB-94D0-4C54-B39B-E752EA5B3E8B}"
EndProject
Project("{FAE04EC0-301F-11D3-BF4B-00C04F79EFBC}") = "InterfaceSegregationPrinciple", "InterfaceSegregationPrinciple\InterfaceSegregationPrinciple.csproj", "{9D9FE8EB-0E1C-42B3-94BC-7F5107BA5662}"
EndProject
Global
	GlobalSection(SolutionConfigurationPlatforms) = preSolution
		Debug|Any CPU = Debug|Any CPU
		Release|Any CPU = Release|Any CPU
	EndGlobalSection
	GlobalSection(ProjectConfigurationPlatforms) = postSolution
		{AEE81D30-29F5-4F89-B052-42B1BF5EC357}.Debug|Any CPU.ActiveCfg = Debug|Any CPU
		{AEE81D30-29F5-4F89-B052-42B1BF5EC357}.Debug|Any CPU.Build.0 = Debug|Any CPU
		{AEE81D30-29F5-4F89-B052-42B1BF5EC357}.Release|Any CPU.ActiveCfg = Release|Any CPU
		{AEE81D30-29F5-4F89-B052-42B1BF5EC357}.Release|Any CPU.Build.0 = Release|Any CPU
		{740FB7A6-970D-4150-A7AC-D5A13FD87BC8}.Debug|Any CPU.ActiveCfg = Debug|Any CPU
		{740FB7A6-970D-4150-A7AC-D5A13FD87BC8}.Debug|Any CPU.Build.0 = Debug|Any CPU
		{740FB7A6-970D-4150-A7AC-D5A13FD87BC8}.Release|Any CPU.ActiveCfg = Release|Any CPU
		{740FB7A6-970D-4150-A7AC-D5A13FD87BC8}.Release|Any CPU.Build.0 = Release|Any CPU
		{2468ED05-0F2A-4527-9C8D-453552E9014D}.Debug|Any CPU.ActiveCfg = Debug|Any CPU
		{2468ED05-0F2A-4527-9C8D-453552E9014D}.Debug|Any CPU.Build.0 = Debug|Any CPU
		{2468ED05-0F2A-4527-9C8D-453552E9014D}.Release|Any CPU.ActiveCfg = Release|Any CPU
		{2468ED05-0F2A-4527-9C8D-453552E9014D}.Release|Any CPU.Build.0 = Release|Any CPU
		{1C690FBB-94D0-4C54-B39B-E752EA5B3E8B}.Debug|Any CPU.ActiveCfg = Debug|Any CPU
		{1C690FBB-94D0-4C54-B39B-E752EA5B3E8B}.Debug|Any CPU.Build.0 = Debug|Any CPU
		{1C690FBB-94D0-4C54-B39B-E752EA5B3E8B}.Release|Any CPU.ActiveCfg = Release|Any CPU
		{1C690FBB-94D0-4C54-B39B-E752EA5B3E8B}.Release|Any CPU.Build.0 = Release|Any CPU
		{9D9FE8EB-0E1C-42B3-94BC-7F5107BA5662}.Debug|Any CPU.ActiveCfg = Debug|Any CPU
		{9D9FE8EB-0E1C-42B3-94BC-7F5107BA5662}.Debug|Any CPU.Build.0 = Debug|Any CPU
		{9D9FE8EB-0E1C-42B3-94BC-7F5107BA5662}.Release|Any CPU.ActiveCfg = Release|Any CPU
		{9D9FE8EB-0E1C-42B3-94BC-7F5107BA5662}.Release|Any CPU.Build.0 = Release|Any CPU
	EndGlobalSection
	GlobalSection(SolutionProperties) = preSolution
		HideSolutionNode = FALSE
	EndGlobalSection
	GlobalSection(ExtensibilityGlobals) = postSolution
		SolutionGuid = {74FF566E-4EA3-4086-9BCA-8CD7160E2BC2}
	EndGlobalSection
EndGlobal
